
Microsoft Visual Studio Solution File, Format Version 12.00
# Visual Studio Version 16
VisualStudioVersion = 16.0.31205.134
MinimumVisualStudioVersion = 10.0.40219.1
Project("{FAE04EC0-301F-11D3-BF4B-00C04F79EFBC}") = "ToadFight!", "ToadFight!.csproj", "{456ADEF5-2C2C-486C-AAB2-C9EB664AB97E}"
EndProject
Global
	GlobalSection(SolutionConfigurationPlatforms) = preSolution
		Debug|Any CPU = Debug|Any CPU
		Release|Any CPU = Release|Any CPU
	EndGlobalSection
	GlobalSection(ProjectConfigurationPlatforms) = postSolution
		{456ADEF5-2C2C-486C-AAB2-C9EB664AB97E}.Debug|Any CPU.ActiveCfg = Debug|Any CPU
		{456ADEF5-2C2C-486C-AAB2-C9EB664AB97E}.Debug|Any CPU.Build.0 = Debug|Any CPU
		{456ADEF5-2C2C-486C-AAB2-C9EB664AB97E}.Release|Any CPU.ActiveCfg = Release|Any CPU
		{456ADEF5-2C2C-486C-AAB2-C9EB664AB97E}.Release|Any CPU.Build.0 = Release|Any CPU
	EndGlobalSection
	GlobalSection(SolutionProperties) = preSolution
		HideSolutionNode = FALSE
	EndGlobalSection
	GlobalSection(ExtensibilityGlobals) = postSolution
		SolutionGuid = {B7CE0331-B603-4934-A576-9475FC44E12B}
	EndGlobalSection
EndGlobal
